// !$*UTF8*$!
{
	archiveVersion = 1;
	classes = {
	};
	objectVersion = 46;
	objects = {

/* Begin PBXBuildFile section */
		E4E11E8C1A2F16790080E633 /* main.m in Sources */ = {isa = PBXBuildFile; fileRef = E4E11E8B1A2F16790080E633 /* main.m */; };
		E4E11E8F1A2F16790080E633 /* AppDelegate.m in Sources */ = {isa = PBXBuildFile; fileRef = E4E11E8E1A2F16790080E633 /* AppDelegate.m */; };
		E4E11E921A2F16790080E633 /* ViewController.m in Sources */ = {isa = PBXBuildFile; fileRef = E4E11E911A2F16790080E633 /* ViewController.m */; };
		E4E11E951A2F16790080E633 /* Main.storyboard in Resources */ = {isa = PBXBuildFile; fileRef = E4E11E931A2F16790080E633 /* Main.storyboard */; };
		E4E11E971A2F16790080E633 /* Images.xcassets in Resources */ = {isa = PBXBuildFile; fileRef = E4E11E961A2F16790080E633 /* Images.xcassets */; };
		E4E11E9A1A2F16790080E633 /* LaunchScreen.xib in Resources */ = {isa = PBXBuildFile; fileRef = E4E11E981A2F16790080E633 /* LaunchScreen.xib */; };
		E4E11EA61A2F167A0080E633 /* JenkinsTestTests.m in Sources */ = {isa = PBXBuildFile; fileRef = E4E11EA51A2F167A0080E633 /* JenkinsTestTests.m */; };
/* End PBXBuildFile section */

/* Begin PBXContainerItemProxy section */
		E4E11EA01A2F167A0080E633 /* PBXContainerItemProxy */ = {
			isa = PBXContainerItemProxy;
			containerPortal = E4E11E7E1A2F16790080E633 /* Project object */;
			proxyType = 1;
			remoteGlobalIDString = E4E11E851A2F16790080E633;
			remoteInfo = JenkinsTest;
		};
/* End PBXContainerItemProxy section */

/* Begin PBXFileReference section */
		E4E11E861A2F16790080E633 /* JenkinsTest.app */ = {isa = PBXFileReference; explicitFileType = wrapper.application; includeInIndex = 0; path = JenkinsTest.app; sourceTree = BUILT_PRODUCTS_DIR; };
		E4E11E8A1A2F16790080E633 /* Info.plist */ = {isa = PBXFileReference; lastKnownFileType = text.plist.xml; path = Info.plist; sourceTree = "<group>"; };
		E4E11E8B1A2F16790080E633 /* main.m */ = {isa = PBXFileReference; lastKnownFileType = sourcecode.c.objc; path = main.m; sourceTree = "<group>"; };
		E4E11E8D1A2F16790080E633 /* AppDelegate.h */ = {isa = PBXFileReference; lastKnownFileType = sourcecode.c.h; path = AppDelegate.h; sourceTree = "<group>"; };
		E4E11E8E1A2F16790080E633 /* AppDelegate.m */ = {isa = PBXFileReference; lastKnownFileType = sourcecode.c.objc; path = AppDelegate.m; sourceTree = "<group>"; };
		E4E11E901A2F16790080E633 /* ViewController.h */ = {isa = PBXFileReference; lastKnownFileType = sourcecode.c.h; path = ViewController.h; sourceTree = "<group>"; };
		E4E11E911A2F16790080E633 /* ViewController.m */ = {isa = PBXFileReference; lastKnownFileType = sourcecode.c.objc; path = ViewController.m; sourceTree = "<group>"; };
		E4E11E941A2F16790080E633 /* Base */ = {isa = PBXFileReference; lastKnownFileType = file.storyboard; name = Base; path = Base.lproj/Main.storyboard; sourceTree = "<group>"; };
		E4E11E961A2F16790080E633 /* Images.xcassets */ = {isa = PBXFileReference; lastKnownFileType = folder.assetcatalog; path = Images.xcassets; sourceTree = "<group>"; };
		E4E11E991A2F16790080E633 /* Base */ = {isa = PBXFileReference; lastKnownFileType = file.xib; name = Base; path = Base.lproj/LaunchScreen.xib; sourceTree = "<group>"; };
		E4E11E9F1A2F167A0080E633 /* JenkinsTestTests.xctest */ = {isa = PBXFileReference; explicitFileType = wrapper.cfbundle; includeInIndex = 0; path = JenkinsTestTests.xctest; sourceTree = BUILT_PRODUCTS_DIR; };
		E4E11EA41A2F167A0080E633 /* Info.plist */ = {isa = PBXFileReference; lastKnownFileType = text.plist.xml; path = Info.plist; sourceTree = "<group>"; };
		E4E11EA51A2F167A0080E633 /* JenkinsTestTests.m */ = {isa = PBXFileReference; lastKnownFileType = sourcecode.c.objc; path = JenkinsTestTests.m; sourceTree = "<group>"; };
/* End PBXFileReference section */

/* Begin PBXFrameworksBuildPhase section */
		E4E11E831A2F16790080E633 /* Frameworks */ = {
			isa = PBXFrameworksBuildPhase;
			buildActionMask = 2147483647;
			files = (
			);
			runOnlyForDeploymentPostprocessing = 0;
		};
		E4E11E9C1A2F167A0080E633 /* Frameworks */ = {
			isa = PBXFrameworksBuildPhase;
			buildActionMask = 2147483647;
			files = (
			);
			runOnlyForDeploymentPostprocessing = 0;
		};
/* End PBXFrameworksBuildPhase section */

/* Begin PBXGroup section */
		E4E11E7D1A2F16790080E633 = {
			isa = PBXGroup;
			children = (
				E4E11E881A2F16790080E633 /* JenkinsTest */,
				E4E11EA21A2F167A0080E633 /* JenkinsTestTests */,
				E4E11E871A2F16790080E633 /* Products */,
			);
			sourceTree = "<group>";
		};
		E4E11E871A2F16790080E633 /* Products */ = {
			isa = PBXGroup;
			children = (
				E4E11E861A2F16790080E633 /* JenkinsTest.app */,
				E4E11E9F1A2F167A0080E633 /* JenkinsTestTests.xctest */,
			);
			name = Products;
			sourceTree = "<group>";
		};
		E4E11E881A2F16790080E633 /* JenkinsTest */ = {
			isa = PBXGroup;
			children = (
				E4E11E8D1A2F16790080E633 /* AppDelegate.h */,
				E4E11E8E1A2F16790080E633 /* AppDelegate.m */,
				E4E11E901A2F16790080E633 /* ViewController.h */,
				E4E11E911A2F16790080E633 /* ViewController.m */,
				E4E11E931A2F16790080E633 /* Main.storyboard */,
				E4E11E961A2F16790080E633 /* Images.xcassets */,
				E4E11E981A2F16790080E633 /* LaunchScreen.xib */,
				E4E11E891A2F16790080E633 /* Supporting Files */,
			);
			path = JenkinsTest;
			sourceTree = "<group>";
		};
		E4E11E891A2F16790080E633 /* Supporting Files */ = {
			isa = PBXGroup;
			children = (
				E4E11E8A1A2F16790080E633 /* Info.plist */,
				E4E11E8B1A2F16790080E633 /* main.m */,
			);
			name = "Supporting Files";
			sourceTree = "<group>";
		};
		E4E11EA21A2F167A0080E633 /* JenkinsTestTests */ = {
			isa = PBXGroup;
			children = (
				E4E11EA51A2F167A0080E633 /* JenkinsTestTests.m */,
				E4E11EA31A2F167A0080E633 /* Supporting Files */,
			);
			path = JenkinsTestTests;
			sourceTree = "<group>";
		};
		E4E11EA31A2F167A0080E633 /* Supporting Files */ = {
			isa = PBXGroup;
			children = (
				E4E11EA41A2F167A0080E633 /* Info.plist */,
			);
			name = "Supporting Files";
			sourceTree = "<group>";
		};
/* End PBXGroup section */

/* Begin PBXNativeTarget section */
		E4E11E851A2F16790080E633 /* JenkinsTest */ = {
			isa = PBXNativeTarget;
			buildConfigurationList = E4E11EA91A2F167A0080E633 /* Build configuration list for PBXNativeTarget "JenkinsTest" */;
			buildPhases = (
				E4E11E821A2F16790080E633 /* Sources */,
				E4E11E831A2F16790080E633 /* Frameworks */,
				E4E11E841A2F16790080E633 /* Resources */,
			);
			buildRules = (
			);
			dependencies = (
			);
			name = JenkinsTest;
			productName = JenkinsTest;
			productReference = E4E11E861A2F16790080E633 /* JenkinsTest.app */;
			productType = "com.apple.product-type.application";
		};
		E4E11E9E1A2F167A0080E633 /* JenkinsTestTests */ = {
			isa = PBXNativeTarget;
			buildConfigurationList = E4E11EAC1A2F167A0080E633 /* Build configuration list for PBXNativeTarget "JenkinsTestTests" */;
			buildPhases = (
				E4E11E9B1A2F167A0080E633 /* Sources */,
				E4E11E9C1A2F167A0080E633 /* Frameworks */,
				E4E11E9D1A2F167A0080E633 /* Resources */,
			);
			buildRules = (
			);
			dependencies = (
				E4E11EA11A2F167A0080E633 /* PBXTargetDependency */,
			);
			name = JenkinsTestTests;
			productName = JenkinsTestTests;
			productReference = E4E11E9F1A2F167A0080E633 /* JenkinsTestTests.xctest */;
			productType = "com.apple.product-type.bundle.unit-test";
		};
/* End PBXNativeTarget section */

/* Begin PBXProject section */
		E4E11E7E1A2F16790080E633 /* Project object */ = {
			isa = PBXProject;
			attributes = {
				LastUpgradeCheck = 0610;
				ORGANIZATIONNAME = "胡利武";
				TargetAttributes = {
					E4E11E851A2F16790080E633 = {
						CreatedOnToolsVersion = 6.1;
					};
					E4E11E9E1A2F167A0080E633 = {
						CreatedOnToolsVersion = 6.1;
						TestTargetID = E4E11E851A2F16790080E633;
					};
				};
			};
			buildConfigurationList = E4E11E811A2F16790080E633 /* Build configuration list for PBXProject "JenkinsTest" */;
			compatibilityVersion = "Xcode 3.2";
			developmentRegion = English;
			hasScannedForEncodings = 0;
			knownRegions = (
				en,
				Base,
			);
			mainGroup = E4E11E7D1A2F16790080E633;
			productRefGroup = E4E11E871A2F16790080E633 /* Products */;
			projectDirPath = "";
			projectRoot = "";
			targets = (
				E4E11E851A2F16790080E633 /* JenkinsTest */,
				E4E11E9E1A2F167A0080E633 /* JenkinsTestTests */,
			);
		};
/* End PBXProject section */

/* Begin PBXResourcesBuildPhase section */
		E4E11E841A2F16790080E633 /* Resources */ = {
			isa = PBXResourcesBuildPhase;
			buildActionMask = 2147483647;
			files = (
				E4E11E951A2F16790080E633 /* Main.storyboard in Resources */,
				E4E11E9A1A2F16790080E633 /* LaunchScreen.xib in Resources */,
				E4E11E971A2F16790080E633 /* Images.xcassets in Resources */,
			);
			runOnlyForDeploymentPostprocessing = 0;
		};
		E4E11E9D1A2F167A0080E633 /* Resources */ = {
			isa = PBXResourcesBuildPhase;
			buildActionMask = 2147483647;
			files = (
			);
			runOnlyForDeploymentPostprocessing = 0;
		};
/* End PBXResourcesBuildPhase section */

/* Begin PBXSourcesBuildPhase section */
		E4E11E821A2F16790080E633 /* Sources */ = {
			isa = PBXSourcesBuildPhase;
			buildActionMask = 2147483647;
			files = (
				E4E11E921A2F16790080E633 /* ViewController.m in Sources */,
				E4E11E8F1A2F16790080E633 /* AppDelegate.m in Sources */,
				E4E11E8C1A2F16790080E633 /* main.m in Sources */,
			);
			runOnlyForDeploymentPostprocessing = 0;
		};
		E4E11E9B1A2F167A0080E633 /* Sources */ = {
			isa = PBXSourcesBuildPhase;
			buildActionMask = 2147483647;
			files = (
				E4E11EA61A2F167A0080E633 /* JenkinsTestTests.m in Sources */,
			);
			runOnlyForDeploymentPostprocessing = 0;
		};
/* End PBXSourcesBuildPhase section */

/* Begin PBXTargetDependency section */
		E4E11EA11A2F167A0080E633 /* PBXTargetDependency */ = {
			isa = PBXTargetDependency;
			target = E4E11E851A2F16790080E633 /* JenkinsTest */;
			targetProxy = E4E11EA01A2F167A0080E633 /* PBXContainerItemProxy */;
		};
/* End PBXTargetDependency section */

/* Begin PBXVariantGroup section */
		E4E11E931A2F16790080E633 /* Main.storyboard */ = {
			isa = PBXVariantGroup;
			children = (
				E4E11E941A2F16790080E633 /* Base */,
			);
			name = Main.storyboard;
			sourceTree = "<group>";
		};
		E4E11E981A2F16790080E633 /* LaunchScreen.xib */ = {
			isa = PBXVariantGroup;
			children = (
				E4E11E991A2F16790080E633 /* Base */,
			);
			name = LaunchScreen.xib;
			sourceTree = "<group>";
		};
/* End PBXVariantGroup section */

/* Begin XCBuildConfiguration section */
		E4E11EA71A2F167A0080E633 /* Debug */ = {
			isa = XCBuildConfiguration;
			buildSettings = {
				ALWAYS_SEARCH_USER_PATHS = NO;
				CLANG_CXX_LANGUAGE_STANDARD = "gnu++0x";
				CLANG_CXX_LIBRARY = "libc++";
				CLANG_ENABLE_MODULES = YES;
				CLANG_ENABLE_OBJC_ARC = YES;
				CLANG_WARN_BOOL_CONVERSION = YES;
				CLANG_WARN_CONSTANT_CONVERSION = YES;
				CLANG_WARN_DIRECT_OBJC_ISA_USAGE = YES_ERROR;
				CLANG_WARN_EMPTY_BODY = YES;
				CLANG_WARN_ENUM_CONVERSION = YES;
				CLANG_WARN_INT_CONVERSION = YES;
				CLANG_WARN_OBJC_ROOT_CLASS = YES_ERROR;
				CLANG_WARN_UNREACHABLE_CODE = YES;
				CLANG_WARN__DUPLICATE_METHOD_MATCH = YES;
				"CODE_SIGN_IDENTITY[sdk=iphoneos*]" = "iPhone Developer";
				COPY_PHASE_STRIP = NO;
				ENABLE_STRICT_OBJC_MSGSEND = YES;
				GCC_C_LANGUAGE_STANDARD = gnu99;
				GCC_DYNAMIC_NO_PIC = NO;
				GCC_OPTIMIZATION_LEVEL = 0;
				GCC_PREPROCESSOR_DEFINITIONS = (
					"DEBUG=1",
					"$(inherited)",
				);
				GCC_SYMBOLS_PRIVATE_EXTERN = NO;
				GCC_WARN_64_TO_32_BIT_CONVERSION = YES;
				GCC_WARN_ABOUT_RETURN_TYPE = YES_ERROR;
				GCC_WARN_UNDECLARED_SELECTOR = YES;
				GCC_WARN_UNINITIALIZED_AUTOS = YES_AGGRESSIVE;
				GCC_WARN_UNUSED_FUNCTION = YES;
				GCC_WARN_UNUSED_VARIABLE = YES;
				IPHONEOS_DEPLOYMENT_TARGET = 8.1;
				MTL_ENABLE_DEBUG_INFO = YES;
				ONLY_ACTIVE_ARCH = YES;
				SDKROOT = iphoneos;
				TARGETED_DEVICE_FAMILY = "1,2";
			};
			name = Debug;
		};
		E4E11EA81A2F167A0080E633 /* Release */ = {
			isa = XCBuildConfiguration;
			buildSettings = {
				ALWAYS_SEARCH_USER_PATHS = NO;
				CLANG_CXX_LANGUAGE_STANDARD = "gnu++0x";
				CLANG_CXX_LIBRARY = "libc++";
				CLANG_ENABLE_MODULES = YES;
				CLANG_ENABLE_OBJC_ARC = YES;
				CLANG_WARN_BOOL_CONVERSION = YES;
				CLANG_WARN_CONSTANT_CONVERSION = YES;
				CLANG_WARN_DIRECT_OBJC_ISA_USAGE = YES_ERROR;
				CLANG_WARN_EMPTY_BODY = YES;
				CLANG_WARN_ENUM_CONVERSION = YES;
				CLANG_WARN_INT_CONVERSION = YES;
				CLANG_WARN_OBJC_ROOT_CLASS = YES_ERROR;
				CLANG_WARN_UNREACHABLE_CODE = YES;
				CLANG_WARN__DUPLICATE_METHOD_MATCH = YES;
				"CODE_SIGN_IDENTITY[sdk=iphoneos*]" = "iPhone Developer";
				COPY_PHASE_STRIP = YES;
				ENABLE_NS_ASSERTIONS = NO;
				ENABLE_STRICT_OBJC_MSGSEND = YES;
				GCC_C_LANGUAGE_STANDARD = gnu99;
				GCC_WARN_64_TO_32_BIT_CONVERSION = YES;
				GCC_WARN_ABOUT_RETURN_TYPE = YES_ERROR;
				GCC_WARN_UNDECLARED_SELECTOR = YES;
				GCC_WARN_UNINITIALIZED_AUTOS = YES_AGGRESSIVE;
				GCC_WARN_UNUSED_FUNCTION = YES;
				GCC_WARN_UNUSED_VARIABLE = YES;
				IPHONEOS_DEPLOYMENT_TARGET = 8.1;
				MTL_ENABLE_DEBUG_INFO = NO;
				SDKROOT = iphoneos;
				TARGETED_DEVICE_FAMILY = "1,2";
				VALIDATE_PRODUCT = YES;
			};
			name = Release;
		};
		E4E11EAA1A2F167A0080E633 /* Debug */ = {
			isa = XCBuildConfiguration;
			buildSettings = {
				ASSETCATALOG_COMPILER_APPICON_NAME = AppIcon;
				INFOPLIST_FILE = JenkinsTest/Info.plist;
				LD_RUNPATH_SEARCH_PATHS = "$(inherited) @executable_path/Frameworks";
				PRODUCT_NAME = "$(TARGET_NAME)";
			};
			name = Debug;
		};
		E4E11EAB1A2F167A0080E633 /* Release */ = {
			isa = XCBuildConfiguration;
			buildSettings = {
				ASSETCATALOG_COMPILER_APPICON_NAME = AppIcon;
				INFOPLIST_FILE = JenkinsTest/Info.plist;
				LD_RUNPATH_SEARCH_PATHS = "$(inherited) @executable_path/Frameworks";
				PRODUCT_NAME = "$(TARGET_NAME)";
			};
			name = Release;
		};
		E4E11EAD1A2F167A0080E633 /* Debug */ = {
			isa = XCBuildConfiguration;
			buildSettings = {
				BUNDLE_LOADER = "$(TEST_HOST)";
				FRAMEWORK_SEARCH_PATHS = (
					"$(SDKROOT)/Developer/Library/Frameworks",
					"$(inherited)",
				);
				GCC_PREPROCESSOR_DEFINITIONS = (
					"DEBUG=1",
					"$(inherited)",
				);
				INFOPLIST_FILE = JenkinsTestTests/Info.plist;
				LD_RUNPATH_SEARCH_PATHS = "$(inherited) @executable_path/Frameworks @loader_path/Frameworks";
				PRODUCT_NAME = "$(TARGET_NAME)";
				TEST_HOST = "$(BUILT_PRODUCTS_DIR)/JenkinsTest.app/JenkinsTest";
			};
			name = Debug;
		};
		E4E11EAE1A2F167A0080E633 /* Release */ = {
			isa = XCBuildConfiguration;
			buildSettings = {
				BUNDLE_LOADER = "$(TEST_HOST)";
				FRAMEWORK_SEARCH_PATHS = (
					"$(SDKROOT)/Developer/Library/Frameworks",
					"$(inherited)",
				);
				INFOPLIST_FILE = JenkinsTestTests/Info.plist;
				LD_RUNPATH_SEARCH_PATHS = "$(inherited) @executable_path/Frameworks @loader_path/Frameworks";
				PRODUCT_NAME = "$(TARGET_NAME)";
				TEST_HOST = "$(BUILT_PRODUCTS_DIR)/JenkinsTest.app/JenkinsTest";
			};
			name = Release;
		};
/* End XCBuildConfiguration section */

/* Begin XCConfigurationList section */
		E4E11E811A2F16790080E633 /* Build configuration list for PBXProject "JenkinsTest" */ = {
			isa = XCConfigurationList;
			buildConfigurations = (
				E4E11EA71A2F167A0080E633 /* Debug */,
				E4E11EA81A2F167A0080E633 /* Release */,
			);
			defaultConfigurationIsVisible = 0;
			defaultConfigurationName = Release;
		};
		E4E11EA91A2F167A0080E633 /* Build configuration list for PBXNativeTarget "JenkinsTest" */ = {
			isa = XCConfigurationList;
			buildConfigurations = (
				E4E11EAA1A2F167A0080E633 /* Debug */,
				E4E11EAB1A2F167A0080E633 /* Release */,
			);
			defaultConfigurationIsVisible = 0;
		};
		E4E11EAC1A2F167A0080E633 /* Build configuration list for PBXNativeTarget "JenkinsTestTests" */ = {
			isa = XCConfigurationList;
			buildConfigurations = (
				E4E11EAD1A2F167A0080E633 /* Debug */,
				E4E11EAE1A2F167A0080E633 /* Release */,
			);
			defaultConfigurationIsVisible = 0;
		};
/* End XCConfigurationList section */
	};
	rootObject = E4E11E7E1A2F16790080E633 /* Project object */;
}
